
Microsoft Visual Studio Solution File, Format Version 12.00
# Visual Studio 15
VisualStudioVersion = 15.0.28307.1145
MinimumVisualStudioVersion = 10.0.40219.1
Project("{FAE04EC0-301F-11D3-BF4B-00C04F79EFBC}") = "WebCrawler", "WebCrawler\WebCrawler.csproj", "{BA0ED184-3A1D-4E20-9D2A-76F0833B7B1A}"
EndProject
Global
	GlobalSection(SolutionConfigurationPlatforms) = preSolution
		Debug|Any CPU = Debug|Any CPU
		Release|Any CPU = Release|Any CPU
	EndGlobalSection
	GlobalSection(ProjectConfigurationPlatforms) = postSolution
		{BA0ED184-3A1D-4E20-9D2A-76F0833B7B1A}.Debug|Any CPU.ActiveCfg = Debug|Any CPU
		{BA0ED184-3A1D-4E20-9D2A-76F0833B7B1A}.Debug|Any CPU.Build.0 = Debug|Any CPU
		{BA0ED184-3A1D-4E20-9D2A-76F0833B7B1A}.Release|Any CPU.ActiveCfg = Release|Any CPU
		{BA0ED184-3A1D-4E20-9D2A-76F0833B7B1A}.Release|Any CPU.Build.0 = Release|Any CPU
	EndGlobalSection
	GlobalSection(SolutionProperties) = preSolution
		HideSolutionNode = FALSE
	EndGlobalSection
	GlobalSection(ExtensibilityGlobals) = postSolution
		SolutionGuid = {CE17FAE0-2233-43E4-A92E-E597C621AF4E}
	EndGlobalSection
EndGlobal
